
Microsoft Visual Studio Solution File, Format Version 12.00
# Visual Studio Version 17
VisualStudioVersion = 17.4.33103.184
MinimumVisualStudioVersion = 10.0.40219.1
Project("{FAE04EC0-301F-11D3-BF4B-00C04F79EFBC}") = "Solution_17_11_2022", "Solution_17_11_2022\Solution_17_11_2022.csproj", "{F6DF6273-67E2-461E-9C61-2EAA1978F749}"
EndProject
Global
	GlobalSection(SolutionConfigurationPlatforms) = preSolution
		Debug|Any CPU = Debug|Any CPU
		Release|Any CPU = Release|Any CPU
	EndGlobalSection
	GlobalSection(ProjectConfigurationPlatforms) = postSolution
		{F6DF6273-67E2-461E-9C61-2EAA1978F749}.Debug|Any CPU.ActiveCfg = Debug|Any CPU
		{F6DF6273-67E2-461E-9C61-2EAA1978F749}.Debug|Any CPU.Build.0 = Debug|Any CPU
		{F6DF6273-67E2-461E-9C61-2EAA1978F749}.Release|Any CPU.ActiveCfg = Release|Any CPU
		{F6DF6273-67E2-461E-9C61-2EAA1978F749}.Release|Any CPU.Build.0 = Release|Any CPU
	EndGlobalSection
	GlobalSection(SolutionProperties) = preSolution
		HideSolutionNode = FALSE
	EndGlobalSection
	GlobalSection(ExtensibilityGlobals) = postSolution
		SolutionGuid = {4622EE0E-8376-440C-8789-846940A1D7E8}
	EndGlobalSection
EndGlobal
